
Microsoft Visual Studio Solution File, Format Version 12.00
# Visual Studio Version 17
VisualStudioVersion = 17.13.35617.110 d17.13
MinimumVisualStudioVersion = 10.0.40219.1
Project("{54A90642-561A-4BB1-A94E-469ADEE60C69}") = "coreapi1.client", "coreapi1.client\coreapi1.client.esproj", "{609A10EA-B701-74AC-F86B-4EBE5B517A36}"
EndProject
Project("{FAE04EC0-301F-11D3-BF4B-00C04F79EFBC}") = "coreapi1.Server", "coreapi1.Server\coreapi1.Server.csproj", "{332C498B-5350-460E-8493-C7900E927959}"
EndProject
Global
	GlobalSection(SolutionConfigurationPlatforms) = preSolution
		Debug|Any CPU = Debug|Any CPU
		Release|Any CPU = Release|Any CPU
	EndGlobalSection
	GlobalSection(ProjectConfigurationPlatforms) = postSolution
		{609A10EA-B701-74AC-F86B-4EBE5B517A36}.Debug|Any CPU.ActiveCfg = Debug|Any CPU
		{609A10EA-B701-74AC-F86B-4EBE5B517A36}.Debug|Any CPU.Build.0 = Debug|Any CPU
		{609A10EA-B701-74AC-F86B-4EBE5B517A36}.Debug|Any CPU.Deploy.0 = Debug|Any CPU
		{609A10EA-B701-74AC-F86B-4EBE5B517A36}.Release|Any CPU.ActiveCfg = Release|Any CPU
		{609A10EA-B701-74AC-F86B-4EBE5B517A36}.Release|Any CPU.Build.0 = Release|Any CPU
		{609A10EA-B701-74AC-F86B-4EBE5B517A36}.Release|Any CPU.Deploy.0 = Release|Any CPU
		{332C498B-5350-460E-8493-C7900E927959}.Debug|Any CPU.ActiveCfg = Debug|Any CPU
		{332C498B-5350-460E-8493-C7900E927959}.Debug|Any CPU.Build.0 = Debug|Any CPU
		{332C498B-5350-460E-8493-C7900E927959}.Release|Any CPU.ActiveCfg = Release|Any CPU
		{332C498B-5350-460E-8493-C7900E927959}.Release|Any CPU.Build.0 = Release|Any CPU
	EndGlobalSection
	GlobalSection(SolutionProperties) = preSolution
		HideSolutionNode = FALSE
	EndGlobalSection
	GlobalSection(ExtensibilityGlobals) = postSolution
		SolutionGuid = {9F5F4702-A533-4D40-A7E6-923CF86BA253}
	EndGlobalSection
EndGlobal
